PODS:
  - CardParts (4.0.0):
    - RxCocoa (~> 6.2)
    - RxDataSources (~> 5.0)
    - RxGesture (~> 4.0)
    - RxSwift (~> 6.2)
  - Differentiator (5.0.0)
  - RxCocoa (6.2.0):
    - RxRelay (= 6.2.0)
    - RxSwift (= 6.2.0)
  - RxDataSources (5.0.0):
    - Differentiator (~> 5.0)
    - RxCocoa (~> 6.0)
    - RxSwift (~> 6.0)
  - RxGesture (4.0.2):
    - RxCocoa (~> 6.0)
    - RxSwift (~> 6.0)
  - RxRelay (6.2.0):
    - RxSwift (= 6.2.0)
  - RxSwift (6.2.0)
  - WhatsNewKit (1.3.7)

DEPENDENCIES:
  - CardParts
  - WhatsNewKit

SPEC REPOS:
  trunk:
    - CardParts
    - Differentiator
    - RxCocoa
    - RxDataSources
    - RxGesture
    - RxRelay
    - RxSwift
    - WhatsNewKit

SPEC CHECKSUMS:
  CardParts: 7f5fc2a62820a81d5138b9175f365045238fd7b8
  Differentiator: e8497ceab83c1b10ca233716d547b9af21b9344d
  RxCocoa: 4baf94bb35f2c0ab31bc0cb9f1900155f646ba42
  RxDataSources: aa47cc1ed6c500fa0dfecac5c979b723542d79cf
  RxGesture: f059f2aeef966fb17dad56ee440e76410f10e55f
  RxRelay: e72dbfd157807478401ef1982e1c61c945c94b2f
  RxSwift: d356ab7bee873611322f134c5f9ef379fa183d8f
  WhatsNewKit: c87028c4059dccd113495422801914cc53f6aab0

PODFILE CHECKSUM: d2ff55851187b49b0574416289b67d6464a725b0

COCOAPODS: 1.11.2
